
Microsoft Visual Studio Solution File, Format Version 12.00
# Visual Studio Version 16
VisualStudioVersion = 25.0.1705.4
MinimumVisualStudioVersion = 10.0.40219.1
Project("{FAE04EC0-301F-11D3-BF4B-00C04F79EFBC}") = "StringLibrary", "StringLibrary\StringLibrary.csproj", "{6B47C0B8-5A5A-4E8D-A6FD-3984B43B5A70}"
EndProject
Global
	GlobalSection(SolutionConfigurationPlatforms) = preSolution
		Debug|Any CPU = Debug|Any CPU
		Release|Any CPU = Release|Any CPU
	EndGlobalSection
	GlobalSection(ProjectConfigurationPlatforms) = postSolution
		{6B47C0B8-5A5A-4E8D-A6FD-3984B43B5A70}.Debug|Any CPU.ActiveCfg = Debug|Any CPU
		{6B47C0B8-5A5A-4E8D-A6FD-3984B43B5A70}.Debug|Any CPU.Build.0 = Debug|Any CPU
		{6B47C0B8-5A5A-4E8D-A6FD-3984B43B5A70}.Release|Any CPU.ActiveCfg = Release|Any CPU
		{6B47C0B8-5A5A-4E8D-A6FD-3984B43B5A70}.Release|Any CPU.Build.0 = Release|Any CPU
	EndGlobalSection
	GlobalSection(SolutionProperties) = preSolution
		HideSolutionNode = FALSE
	EndGlobalSection
	GlobalSection(ExtensibilityGlobals) = postSolution
		SolutionGuid = {AF7F858E-39F7-485B-83B8-88C9B6D64BA6}
	EndGlobalSection
EndGlobal
